
Microsoft Visual Studio Solution File, Format Version 12.00
# Visual Studio Version 17
VisualStudioVersion = 17.7.34031.279
MinimumVisualStudioVersion = 10.0.40219.1
Project("{FAE04EC0-301F-11D3-BF4B-00C04F79EFBC}") = "ITS", "ITS.csproj", "{ADC51DEC-4E5A-4FA4-9401-F497D506F8BF}"
EndProject
Global
	GlobalSection(SolutionConfigurationPlatforms) = preSolution
		Debug|Any CPU = Debug|Any CPU
		Release|Any CPU = Release|Any CPU
	EndGlobalSection
	GlobalSection(ProjectConfigurationPlatforms) = postSolution
		{ADC51DEC-4E5A-4FA4-9401-F497D506F8BF}.Debug|Any CPU.ActiveCfg = Debug|Any CPU
		{ADC51DEC-4E5A-4FA4-9401-F497D506F8BF}.Debug|Any CPU.Build.0 = Debug|Any CPU
		{ADC51DEC-4E5A-4FA4-9401-F497D506F8BF}.Release|Any CPU.ActiveCfg = Release|Any CPU
		{ADC51DEC-4E5A-4FA4-9401-F497D506F8BF}.Release|Any CPU.Build.0 = Release|Any CPU
	EndGlobalSection
	GlobalSection(SolutionProperties) = preSolution
		HideSolutionNode = FALSE
	EndGlobalSection
	GlobalSection(ExtensibilityGlobals) = postSolution
		SolutionGuid = {0019731A-E009-468C-AA53-78EB1B51134D}
	EndGlobalSection
EndGlobal
